
Microsoft Visual Studio Solution File, Format Version 12.00
# Visual Studio Version 16
VisualStudioVersion = 16.0.34114.132
MinimumVisualStudioVersion = 10.0.40219.1
Project("{FAE04EC0-301F-11D3-BF4B-00C04F79EFBC}") = "QRMENU", "QRMENU\QRMENU.csproj", "{CC5E6923-984E-49F5-BEE5-9F35A5D2265F}"
EndProject
Global
	GlobalSection(SolutionConfigurationPlatforms) = preSolution
		Debug|Any CPU = Debug|Any CPU
		Release|Any CPU = Release|Any CPU
	EndGlobalSection
	GlobalSection(ProjectConfigurationPlatforms) = postSolution
		{CC5E6923-984E-49F5-BEE5-9F35A5D2265F}.Debug|Any CPU.ActiveCfg = Debug|Any CPU
		{CC5E6923-984E-49F5-BEE5-9F35A5D2265F}.Debug|Any CPU.Build.0 = Debug|Any CPU
		{CC5E6923-984E-49F5-BEE5-9F35A5D2265F}.Release|Any CPU.ActiveCfg = Release|Any CPU
		{CC5E6923-984E-49F5-BEE5-9F35A5D2265F}.Release|Any CPU.Build.0 = Release|Any CPU
	EndGlobalSection
	GlobalSection(SolutionProperties) = preSolution
		HideSolutionNode = FALSE
	EndGlobalSection
	GlobalSection(ExtensibilityGlobals) = postSolution
		SolutionGuid = {001918BF-AB31-4502-B8DE-DB23B7D523EC}
	EndGlobalSection
EndGlobal
